<?xml version="1.0" encoding="utf-8"?>
<Project ToolsVersion="4.0" xmlns="http://schemas.microsoft.com/developer/msbuild/2003">
  <ItemGroup>
    <Filter Include="Source Files">
      <UniqueIdentifier>{40ae1828-bcd0-4fca-a841-198cd3561d30}</UniqueIdentifier>
      <Extensions>cpp;c;cxx;rc;def;r;odl;idl;hpj;bat</Extensions>
    </Filter>
    <Filter Include="Header Files">
      <UniqueIdentifier>{d601c7f9-d17d-4cc4-b88f-47d6a3c0e5f9}</UniqueIdentifier>
      <Extensions>h;hpp;hxx;hm;inl</Extensions>
    </Filter>
    <Filter Include="Resource Files">
      <UniqueIdentifier>{451f81ff-5f21-4868-ba2c-5e8108eb14b4}</UniqueIdentifier>
      <Extensions>ico;cur;bmp;dlg;rc2;rct;bin;rgs;gif;jpg;jpeg;jpe</Extensions>
    </Filter>
  </ItemGroup>
  <ItemGroup>
    <ClCompile Include="iniFile.cpp">
      <Filter>Source Files</Filter>
    </ClCompile>
    <ClCompile Include="main.cpp">
      <Filter>Source Files</Filter>
    </ClCompile>
    <ClCompile Include="Monitor.cpp">
      <Filter>Source Files</Filter>
    </ClCompile>
    <ClCompile Include="MySQLProxy.cpp">
      <Filter>Source Files</Filter>
    </ClCompile>
    <ClCompile Include="NetServer.cpp">
      <Filter>Source Files</Filter>
    </ClCompile>
    <ClCompile Include="SockAddr.cpp">
      <Filter>Source Files</Filter>
    </ClCompile>
    <ClCompile Include="TcpListener.cpp">
      <Filter>Source Files</Filter>
    </ClCompile>
    <ClCompile Include="TcpPeer.cpp">
      <Filter>Source Files</Filter>
    </ClCompile>
    <ClCompile Include="TcpServer.cpp">
      <Filter>Source Files</Filter>
    </ClCompile>
    <ClCompile Include="TcpServer_Acceptor.cpp">
      <Filter>Source Files</Filter>
    </ClCompile>
    <ClCompile Include="TcpServer_Connector.cpp">
      <Filter>Source Files</Filter>
    </ClCompile>
    <ClCompile Include="TcpServer_Dispatcher.cpp">
      <Filter>Source Files</Filter>
    </ClCompile>
    <ClCompile Include="Thread.cpp">
      <Filter>Source Files</Filter>
    </ClCompile>
  </ItemGroup>
  <ItemGroup>
    <ClInclude Include="iniFile.h">
      <Filter>Header Files</Filter>
    </ClInclude>
    <ClInclude Include="Monitor.h">
      <Filter>Header Files</Filter>
    </ClInclude>
    <ClInclude Include="MySQLProxy.h">
      <Filter>Header Files</Filter>
    </ClInclude>
    <ClInclude Include="NetServer.h">
      <Filter>Header Files</Filter>
    </ClInclude>
    <ClInclude Include="SockAddr.h">
      <Filter>Header Files</Filter>
    </ClInclude>
    <ClInclude Include="TcpListener.h">
      <Filter>Header Files</Filter>
    </ClInclude>
    <ClInclude Include="TcpPeer.h">
      <Filter>Header Files</Filter>
    </ClInclude>
    <ClInclude Include="TcpServer.h">
      <Filter>Header Files</Filter>
    </ClInclude>
    <ClInclude Include="TcpServer_Acceptor.h">
      <Filter>Header Files</Filter>
    </ClInclude>
    <ClInclude Include="TcpServer_Connector.h">
      <Filter>Header Files</Filter>
    </ClInclude>
    <ClInclude Include="TcpServer_Dispatcher.h">
      <Filter>Header Files</Filter>
    </ClInclude>
    <ClInclude Include="Thread.h">
      <Filter>Header Files</Filter>
    </ClInclude>
  </ItemGroup>
</Project>