<?xml version="1.0" encoding="utf-8"?>
<Project ToolsVersion="4.0" xmlns="http://schemas.microsoft.com/developer/msbuild/2003">
  <ItemGroup>
    <Filter Include="Source Files">
      <UniqueIdentifier>{bd2270ee-b13f-488f-9590-76d4b3ac6415}</UniqueIdentifier>
      <Extensions>cpp;c;cxx;rc;def;r;odl;idl;hpj;bat</Extensions>
    </Filter>
    <Filter Include="Header Files">
      <UniqueIdentifier>{47e8f95d-808c-4814-8039-9972e8a55cc6}</UniqueIdentifier>
      <Extensions>h;hpp;hxx;hm;inl</Extensions>
    </Filter>
    <Filter Include="Resource Files">
      <UniqueIdentifier>{7af3935c-1879-4d55-8d8a-c6728e062dc1}</UniqueIdentifier>
      <Extensions>ico;cur;bmp;dlg;rc2;rct;bin;rgs;gif;jpg;jpeg;jpe</Extensions>
    </Filter>
  </ItemGroup>
  <ItemGroup>
    <ClCompile Include="main.cpp">
      <Filter>Source Files</Filter>
    </ClCompile>
    <ClCompile Include="NetClient.cpp">
      <Filter>Source Files</Filter>
    </ClCompile>
    <ClCompile Include="SockAddr.cpp">
      <Filter>Source Files</Filter>
    </ClCompile>
  </ItemGroup>
  <ItemGroup>
    <ClInclude Include="NetClient.h">
      <Filter>Header Files</Filter>
    </ClInclude>
    <ClInclude Include="SockAddr.h">
      <Filter>Header Files</Filter>
    </ClInclude>
  </ItemGroup>
</Project>